
Microsoft Visual Studio Solution File, Format Version 12.00
# Visual Studio Version 17
VisualStudioVersion = 17.0.31903.59
MinimumVisualStudioVersion = 10.0.40219.1
Project("{FAE04EC0-301F-11D3-BF4B-00C04F79EFBC}") = "Kabutech.Api", "Kabutech.Api\Kabutech.Api.csproj", "{1BD6F4FF-EA84-421E-BDF4-D9F876F45814}"
EndProject
Project("{FAE04EC0-301F-11D3-BF4B-00C04F79EFBC}") = "Kabutech.Analyzer", "Kabutech.Analyzer\Kabutech.Analyzer.csproj", "{A70DB9DB-8A7B-4E33-AC33-9D34432983B5}"
EndProject
Project("{FAE04EC0-301F-11D3-BF4B-00C04F79EFBC}") = "Kabutech.Api.Generator", "Kabutech.Api.Generator\Kabutech.Api.Generator.csproj", "{FB58466A-8F50-49B7-8D97-B071C9F7A871}"
EndProject
Project("{FAE04EC0-301F-11D3-BF4B-00C04F79EFBC}") = "Kabutech.Source.Generator", "Kabutech.Source.Generator\Kabutech.Source.Generator.csproj", "{06DDF851-985B-4B02-9634-C35CB2340DF6}"
EndProject
Global
	GlobalSection(SolutionConfigurationPlatforms) = preSolution
		Debug|Any CPU = Debug|Any CPU
		Release|Any CPU = Release|Any CPU
	EndGlobalSection
	GlobalSection(ProjectConfigurationPlatforms) = postSolution
		{1BD6F4FF-EA84-421E-BDF4-D9F876F45814}.Debug|Any CPU.ActiveCfg = Debug|Any CPU
		{1BD6F4FF-EA84-421E-BDF4-D9F876F45814}.Debug|Any CPU.Build.0 = Debug|Any CPU
		{1BD6F4FF-EA84-421E-BDF4-D9F876F45814}.Release|Any CPU.ActiveCfg = Release|Any CPU
		{1BD6F4FF-EA84-421E-BDF4-D9F876F45814}.Release|Any CPU.Build.0 = Release|Any CPU
		{A70DB9DB-8A7B-4E33-AC33-9D34432983B5}.Debug|Any CPU.ActiveCfg = Debug|Any CPU
		{A70DB9DB-8A7B-4E33-AC33-9D34432983B5}.Debug|Any CPU.Build.0 = Debug|Any CPU
		{A70DB9DB-8A7B-4E33-AC33-9D34432983B5}.Release|Any CPU.ActiveCfg = Release|Any CPU
		{A70DB9DB-8A7B-4E33-AC33-9D34432983B5}.Release|Any CPU.Build.0 = Release|Any CPU
		{FB58466A-8F50-49B7-8D97-B071C9F7A871}.Debug|Any CPU.ActiveCfg = Debug|Any CPU
		{FB58466A-8F50-49B7-8D97-B071C9F7A871}.Debug|Any CPU.Build.0 = Debug|Any CPU
		{FB58466A-8F50-49B7-8D97-B071C9F7A871}.Release|Any CPU.ActiveCfg = Release|Any CPU
		{FB58466A-8F50-49B7-8D97-B071C9F7A871}.Release|Any CPU.Build.0 = Release|Any CPU
		{06DDF851-985B-4B02-9634-C35CB2340DF6}.Debug|Any CPU.ActiveCfg = Debug|Any CPU
		{06DDF851-985B-4B02-9634-C35CB2340DF6}.Debug|Any CPU.Build.0 = Debug|Any CPU
		{06DDF851-985B-4B02-9634-C35CB2340DF6}.Release|Any CPU.ActiveCfg = Release|Any CPU
		{06DDF851-985B-4B02-9634-C35CB2340DF6}.Release|Any CPU.Build.0 = Release|Any CPU
	EndGlobalSection
	GlobalSection(SolutionProperties) = preSolution
		HideSolutionNode = FALSE
	EndGlobalSection
EndGlobal
